
Microsoft Visual Studio Solution File, Format Version 12.00
# Visual Studio Version 17
VisualStudioVersion = 17.13.35818.85 d17.13
MinimumVisualStudioVersion = 10.0.40219.1
Project("{FAE04EC0-301F-11D3-BF4B-00C04F79EFBC}") = "chatbot-voice-greeting-csharp", "chatbot-voice-greeting-csharp\chatbot-voice-greeting-csharp.csproj", "{EC884E02-CF5B-4320-943F-E32732BC8DD8}"
EndProject
Global
	GlobalSection(SolutionConfigurationPlatforms) = preSolution
		Debug|Any CPU = Debug|Any CPU
		Release|Any CPU = Release|Any CPU
	EndGlobalSection
	GlobalSection(ProjectConfigurationPlatforms) = postSolution
		{EC884E02-CF5B-4320-943F-E32732BC8DD8}.Debug|Any CPU.ActiveCfg = Debug|Any CPU
		{EC884E02-CF5B-4320-943F-E32732BC8DD8}.Debug|Any CPU.Build.0 = Debug|Any CPU
		{EC884E02-CF5B-4320-943F-E32732BC8DD8}.Release|Any CPU.ActiveCfg = Release|Any CPU
		{EC884E02-CF5B-4320-943F-E32732BC8DD8}.Release|Any CPU.Build.0 = Release|Any CPU
	EndGlobalSection
	GlobalSection(SolutionProperties) = preSolution
		HideSolutionNode = FALSE
	EndGlobalSection
	GlobalSection(ExtensibilityGlobals) = postSolution
		SolutionGuid = {FFC9A105-47A7-4D18-9E39-9CECB8F88E23}
	EndGlobalSection
EndGlobal
